
Microsoft Visual Studio Solution File, Format Version 12.00
# Visual Studio Version 17
VisualStudioVersion = 17.3.32811.315
MinimumVisualStudioVersion = 10.0.40219.1
Project("{FAE04EC0-301F-11D3-BF4B-00C04F79EFBC}") = "ConsoleApp3", "ConsoleApp3.csproj", "{BF527300-D4E7-4300-8916-EEFDCF4C2290}"
EndProject
Global
	GlobalSection(SolutionConfigurationPlatforms) = preSolution
		Debug|Any CPU = Debug|Any CPU
		Release|Any CPU = Release|Any CPU
	EndGlobalSection
	GlobalSection(ProjectConfigurationPlatforms) = postSolution
		{BF527300-D4E7-4300-8916-EEFDCF4C2290}.Debug|Any CPU.ActiveCfg = Debug|Any CPU
		{BF527300-D4E7-4300-8916-EEFDCF4C2290}.Debug|Any CPU.Build.0 = Debug|Any CPU
		{BF527300-D4E7-4300-8916-EEFDCF4C2290}.Release|Any CPU.ActiveCfg = Release|Any CPU
		{BF527300-D4E7-4300-8916-EEFDCF4C2290}.Release|Any CPU.Build.0 = Release|Any CPU
	EndGlobalSection
	GlobalSection(SolutionProperties) = preSolution
		HideSolutionNode = FALSE
	EndGlobalSection
	GlobalSection(ExtensibilityGlobals) = postSolution
		SolutionGuid = {3E6A3E19-7AEA-4142-BFF4-D8377D53CFA1}
	EndGlobalSection
EndGlobal
